
Microsoft Visual Studio Solution File, Format Version 12.00
# Visual Studio Version 17
VisualStudioVersion = 17.6.33717.318
MinimumVisualStudioVersion = 10.0.40219.1
Project("{FAE04EC0-301F-11D3-BF4B-00C04F79EFBC}") = "FileUpload", "FileUpload\FileUpload.csproj", "{5963A5EF-94C5-48E1-AFCB-CC2333E2252F}"
EndProject
Global
	GlobalSection(SolutionConfigurationPlatforms) = preSolution
		Debug|Any CPU = Debug|Any CPU
		Release|Any CPU = Release|Any CPU
	EndGlobalSection
	GlobalSection(ProjectConfigurationPlatforms) = postSolution
		{5963A5EF-94C5-48E1-AFCB-CC2333E2252F}.Debug|Any CPU.ActiveCfg = Debug|Any CPU
		{5963A5EF-94C5-48E1-AFCB-CC2333E2252F}.Debug|Any CPU.Build.0 = Debug|Any CPU
		{5963A5EF-94C5-48E1-AFCB-CC2333E2252F}.Release|Any CPU.ActiveCfg = Release|Any CPU
		{5963A5EF-94C5-48E1-AFCB-CC2333E2252F}.Release|Any CPU.Build.0 = Release|Any CPU
	EndGlobalSection
	GlobalSection(SolutionProperties) = preSolution
		HideSolutionNode = FALSE
	EndGlobalSection
	GlobalSection(ExtensibilityGlobals) = postSolution
		SolutionGuid = {94F33ADC-C5FD-461A-AFCD-C8A98616D567}
	EndGlobalSection
EndGlobal
